
Microsoft Visual Studio Solution File, Format Version 12.00
# Visual Studio Version 16
VisualStudioVersion = 16.0.29215.179
MinimumVisualStudioVersion = 10.0.40219.1
Project("{FAE04EC0-301F-11D3-BF4B-00C04F79EFBC}") = "DateBaseCS", "DateBaseCS\DateBaseCS.csproj", "{A52A9803-C430-4032-B0E3-E9CF6ADA142A}"
EndProject
Global
	GlobalSection(SolutionConfigurationPlatforms) = preSolution
		Debug|Any CPU = Debug|Any CPU
		Release|Any CPU = Release|Any CPU
	EndGlobalSection
	GlobalSection(ProjectConfigurationPlatforms) = postSolution
		{A52A9803-C430-4032-B0E3-E9CF6ADA142A}.Debug|Any CPU.ActiveCfg = Debug|Any CPU
		{A52A9803-C430-4032-B0E3-E9CF6ADA142A}.Debug|Any CPU.Build.0 = Debug|Any CPU
		{A52A9803-C430-4032-B0E3-E9CF6ADA142A}.Release|Any CPU.ActiveCfg = Release|Any CPU
		{A52A9803-C430-4032-B0E3-E9CF6ADA142A}.Release|Any CPU.Build.0 = Release|Any CPU
	EndGlobalSection
	GlobalSection(SolutionProperties) = preSolution
		HideSolutionNode = FALSE
	EndGlobalSection
	GlobalSection(ExtensibilityGlobals) = postSolution
		SolutionGuid = {6D6513A5-31BE-41D7-8372-282E1013EEF9}
	EndGlobalSection
EndGlobal
